PODS:
  - !ProtoCompiler (3.5.0):
    - Protobuf (~> 3.0)
  - !ProtoCompiler-gRPCPlugin (1.8.4):
    - !ProtoCompiler (= 3.5.0)
    - gRPC-ProtoRPC (= 1.8.4)
  - BigInt (3.0.1):
    - SipHash (~> 1.2)
  - Bond (6.6.0):
    - Differ (~> 1.0)
    - ReactiveKit (~> 3.8)
  - BoringSSL (9.2):
    - BoringSSL/Implementation (= 9.2)
    - BoringSSL/Interface (= 9.2)
  - BoringSSL/Implementation (9.2):
    - BoringSSL/Interface (= 9.2)
  - BoringSSL/Interface (9.2)
  - Differ (1.0.3)
  - gRPC (1.8.4):
    - gRPC-RxLibrary (= 1.8.4)
    - gRPC/Main (= 1.8.4)
  - gRPC-Core (1.8.4):
    - gRPC-Core/Implementation (= 1.8.4)
    - gRPC-Core/Interface (= 1.8.4)
  - gRPC-Core/Implementation (1.8.4):
    - BoringSSL (~> 9.0)
    - gRPC-Core/Interface (= 1.8.4)
    - nanopb (~> 0.3)
  - gRPC-Core/Interface (1.8.4)
  - gRPC-ProtoRPC (1.8.4):
    - gRPC (= 1.8.4)
    - gRPC-RxLibrary (= 1.8.4)
    - Protobuf (~> 3.0)
  - gRPC-RxLibrary (1.8.4)
  - gRPC/Main (1.8.4):
    - gRPC-Core (= 1.8.4)
    - gRPC-RxLibrary (= 1.8.4)
  - KeychainAccess (3.1.0)
  - LightningRpc (0.0.1):
    - !ProtoCompiler-gRPCPlugin (~> 1.0)
    - LightningRpc/Messages (= 0.0.1)
    - LightningRpc/Services (= 0.0.1)
  - LightningRpc/Messages (0.0.1):
    - !ProtoCompiler-gRPCPlugin (~> 1.0)
    - Protobuf
  - LightningRpc/Services (0.0.1):
    - !ProtoCompiler-gRPCPlugin (~> 1.0)
    - gRPC-ProtoRPC
    - LightningRpc/Messages
  - nanopb (0.3.8):
    - nanopb/decode (= 0.3.8)
    - nanopb/encode (= 0.3.8)
  - nanopb/decode (0.3.8)
  - nanopb/encode (0.3.8)
  - Protobuf (3.5.0)
  - ReactiveKit (3.8.2)
  - SipHash (1.2.0)

DEPENDENCIES:
  - BigInt (~> 3.0)
  - Bond
  - KeychainAccess
  - LightningRpc (from `.`)

EXTERNAL SOURCES:
  LightningRpc:
    :path: .

SPEC CHECKSUMS:
  !ProtoCompiler: 3e9dc8340c8f1bbab40aa0f5acb965a4be02f849
  !ProtoCompiler-gRPCPlugin: ced526b700f57f8609637caa62528250bfd5e2aa
  BigInt: 8e8a52161c745cd3ab78e3dc346a9fbee51e6cf6
  Bond: 181d6ff061f17fe87a84b12d6f0c4d76d5456ce4
  BoringSSL: f3d6b8ce199b9c450a8cfc14895d07a2627fc232
  Differ: 0c220ac75542f5f17f91b1303b85bf07d871ecd7
  gRPC: 572520c17b794362388d5c95396329592a3c199b
  gRPC-Core: af0d4f0a53735e335fccc815c50c0a03da695287
  gRPC-ProtoRPC: 6596fde8d27e0718d7de1de1dc99a951d832a809
  gRPC-RxLibrary: f6b1432a667c3354c7b345affed9886c0d4ff549
  KeychainAccess: 94c5540b32eabf7bc32bfb976a268e8ea05fd6da
  LightningRpc: f06d75ab8edf11c852c4d70caf96ade7932c17de
  nanopb: 5601e6bca2dbf1ed831b519092ec110f66982ca3
  Protobuf: 8a9838fba8dae3389230e1b7f8c104aa32389c03
  ReactiveKit: d2fe54503e0b6d0fa48b2cc6e0b0f99869f13ee6
  SipHash: c6e9e43e9c531b5bc6602545130c26194a6d31ce

PODFILE CHECKSUM: 6c9a6919d9328127ab51aebc2f2591aaccbe5541

COCOAPODS: 1.4.0
