PODS:
  - BigInt (3.0.1):
    - SipHash (~> 1.2)
  - Bond (6.8.0):
    - Differ (~> 1.0)
    - ReactiveKit (~> 3.9)
  - BoringSSL (10.0.2):
    - BoringSSL/Implementation (= 10.0.2)
    - BoringSSL/Interface (= 10.0.2)
  - BoringSSL/Implementation (10.0.2):
    - BoringSSL/Interface (= 10.0.2)
  - BoringSSL/Interface (10.0.2)
  - Differ (1.2.2)
  - gRPC-Core (1.11.0):
    - gRPC-Core/Implementation (= 1.11.0)
    - gRPC-Core/Interface (= 1.11.0)
  - gRPC-Core/Implementation (1.11.0):
    - BoringSSL (~> 10.0)
    - gRPC-Core/Interface (= 1.11.0)
    - nanopb (~> 0.3)
  - gRPC-Core/Interface (1.11.0)
  - KeychainAccess (3.1.1)
  - nanopb (0.3.8):
    - nanopb/decode (= 0.3.8)
    - nanopb/encode (= 0.3.8)
  - nanopb/decode (0.3.8)
  - nanopb/encode (0.3.8)
  - ReactiveKit (3.9.4)
  - SipHash (1.2.0)
  - SwiftGRPC (0.4.2):
    - BoringSSL (~> 10.0)
    - gRPC-Core (~> 1.11.0)
    - SwiftProtobuf (~> 1.0.3)
  - SwiftProtobuf (1.0.3)

DEPENDENCIES:
  - BigInt (~> 3.0)
  - Bond
  - KeychainAccess
  - SwiftGRPC

SPEC REPOS:
  https://github.com/CocoaPods/Specs.git:
    - BigInt
    - Bond
    - BoringSSL
    - Differ
    - gRPC-Core
    - KeychainAccess
    - nanopb
    - ReactiveKit
    - SipHash
    - SwiftGRPC
    - SwiftProtobuf

SPEC CHECKSUMS:
  BigInt: 8e8a52161c745cd3ab78e3dc346a9fbee51e6cf6
  Bond: f07e371c05e07c46589c4a518515ea39c6263055
  BoringSSL: 60dd24df4af296bf41d78e5841dbb95d75f88c0d
  Differ: 5ac7b6d0d3a60274b52a0ef087ec0e411b57db2c
  gRPC-Core: 164639cd8ae18ca8b65477fafb2efbaecf4f181a
  KeychainAccess: 7bd430028059754a3debab3cfc0bd1fc7fb85df3
  nanopb: 5601e6bca2dbf1ed831b519092ec110f66982ca3
  ReactiveKit: cafbc91f72751d09baa9a3c3cf6d82b646328a6c
  SipHash: c6e9e43e9c531b5bc6602545130c26194a6d31ce
  SwiftGRPC: 4cb90d96998607003cf1df1e01017f30f6fd124b
  SwiftProtobuf: 5ccc0e4054e37c75800e5744acb2aa80bb72b39c

PODFILE CHECKSUM: fc5903ddfab64356cc7abf81aef827d888ac585d

COCOAPODS: 1.5.0
